
Microsoft Visual Studio Solution File, Format Version 12.00
# Visual Studio Version 17
VisualStudioVersion = 17.5.33502.453
MinimumVisualStudioVersion = 10.0.40219.1
Project("{FAE04EC0-301F-11D3-BF4B-00C04F79EFBC}") = "C# Day_10 Cricket_game", "C# Cricket_game\C# Day_10 Cricket_game.csproj", "{03A12D10-BB4B-4E93-BE97-C860B589395C}"
EndProject
Global
	GlobalSection(SolutionConfigurationPlatforms) = preSolution
		Debug|Any CPU = Debug|Any CPU
		Release|Any CPU = Release|Any CPU
	EndGlobalSection
	GlobalSection(ProjectConfigurationPlatforms) = postSolution
		{03A12D10-BB4B-4E93-BE97-C860B589395C}.Debug|Any CPU.ActiveCfg = Debug|Any CPU
		{03A12D10-BB4B-4E93-BE97-C860B589395C}.Debug|Any CPU.Build.0 = Debug|Any CPU
		{03A12D10-BB4B-4E93-BE97-C860B589395C}.Release|Any CPU.ActiveCfg = Release|Any CPU
		{03A12D10-BB4B-4E93-BE97-C860B589395C}.Release|Any CPU.Build.0 = Release|Any CPU
	EndGlobalSection
	GlobalSection(SolutionProperties) = preSolution
		HideSolutionNode = FALSE
	EndGlobalSection
	GlobalSection(ExtensibilityGlobals) = postSolution
		SolutionGuid = {5AC00B4F-FDE2-40C1-87A7-73D87E3F496E}
	EndGlobalSection
EndGlobal
