
Microsoft Visual Studio Solution File, Format Version 12.00
# Visual Studio Version 17
VisualStudioVersion = 17.5.33502.453
MinimumVisualStudioVersion = 10.0.40219.1
Project("{FAE04EC0-301F-11D3-BF4B-00C04F79EFBC}") = "C#Day_3", "C#Day_3\C#Day_3.csproj", "{3B29CBFD-2E8B-48AF-AC63-89640C520D99}"
EndProject
Global
	GlobalSection(SolutionConfigurationPlatforms) = preSolution
		Debug|Any CPU = Debug|Any CPU
		Release|Any CPU = Release|Any CPU
	EndGlobalSection
	GlobalSection(ProjectConfigurationPlatforms) = postSolution
		{3B29CBFD-2E8B-48AF-AC63-89640C520D99}.Debug|Any CPU.ActiveCfg = Debug|Any CPU
		{3B29CBFD-2E8B-48AF-AC63-89640C520D99}.Debug|Any CPU.Build.0 = Debug|Any CPU
		{3B29CBFD-2E8B-48AF-AC63-89640C520D99}.Release|Any CPU.ActiveCfg = Release|Any CPU
		{3B29CBFD-2E8B-48AF-AC63-89640C520D99}.Release|Any CPU.Build.0 = Release|Any CPU
	EndGlobalSection
	GlobalSection(SolutionProperties) = preSolution
		HideSolutionNode = FALSE
	EndGlobalSection
	GlobalSection(ExtensibilityGlobals) = postSolution
		SolutionGuid = {532B8ED2-E534-400E-9C13-DBE1038633EE}
	EndGlobalSection
EndGlobal
