
Microsoft Visual Studio Solution File, Format Version 12.00
# Visual Studio Version 17
VisualStudioVersion = 17.5.33502.453
MinimumVisualStudioVersion = 10.0.40219.1
Project("{FAE04EC0-301F-11D3-BF4B-00C04F79EFBC}") = "C# Day_8", "C# Day_8\C# Day_8.csproj", "{676C7E92-5291-42FC-9244-4849F0AE4F74}"
EndProject
Global
	GlobalSection(SolutionConfigurationPlatforms) = preSolution
		Debug|Any CPU = Debug|Any CPU
		Release|Any CPU = Release|Any CPU
	EndGlobalSection
	GlobalSection(ProjectConfigurationPlatforms) = postSolution
		{676C7E92-5291-42FC-9244-4849F0AE4F74}.Debug|Any CPU.ActiveCfg = Debug|Any CPU
		{676C7E92-5291-42FC-9244-4849F0AE4F74}.Debug|Any CPU.Build.0 = Debug|Any CPU
		{676C7E92-5291-42FC-9244-4849F0AE4F74}.Release|Any CPU.ActiveCfg = Release|Any CPU
		{676C7E92-5291-42FC-9244-4849F0AE4F74}.Release|Any CPU.Build.0 = Release|Any CPU
	EndGlobalSection
	GlobalSection(SolutionProperties) = preSolution
		HideSolutionNode = FALSE
	EndGlobalSection
	GlobalSection(ExtensibilityGlobals) = postSolution
		SolutionGuid = {625644E5-53AE-4F06-9B01-4529BD690508}
	EndGlobalSection
EndGlobal
