
Microsoft Visual Studio Solution File, Format Version 12.00
# Visual Studio Version 17
VisualStudioVersion = 17.5.33516.290
MinimumVisualStudioVersion = 10.0.40219.1
Project("{FAE04EC0-301F-11D3-BF4B-00C04F79EFBC}") = "WebApplication1", "WebApplication1\WebApplication1.csproj", "{E6791895-FFCB-4F7A-BC7A-F2F6F0F9B801}"
EndProject
Project("{FAE04EC0-301F-11D3-BF4B-00C04F79EFBC}") = "DataAccess", "DataAccess\DataAccess.csproj", "{A34F28CA-F3D7-4FDC-8435-1351830E056F}"
EndProject
Global
	GlobalSection(SolutionConfigurationPlatforms) = preSolution
		Debug|Any CPU = Debug|Any CPU
		Release|Any CPU = Release|Any CPU
	EndGlobalSection
	GlobalSection(ProjectConfigurationPlatforms) = postSolution
		{E6791895-FFCB-4F7A-BC7A-F2F6F0F9B801}.Debug|Any CPU.ActiveCfg = Debug|Any CPU
		{E6791895-FFCB-4F7A-BC7A-F2F6F0F9B801}.Debug|Any CPU.Build.0 = Debug|Any CPU
		{E6791895-FFCB-4F7A-BC7A-F2F6F0F9B801}.Release|Any CPU.ActiveCfg = Release|Any CPU
		{E6791895-FFCB-4F7A-BC7A-F2F6F0F9B801}.Release|Any CPU.Build.0 = Release|Any CPU
		{A34F28CA-F3D7-4FDC-8435-1351830E056F}.Debug|Any CPU.ActiveCfg = Debug|Any CPU
		{A34F28CA-F3D7-4FDC-8435-1351830E056F}.Debug|Any CPU.Build.0 = Debug|Any CPU
		{A34F28CA-F3D7-4FDC-8435-1351830E056F}.Release|Any CPU.ActiveCfg = Release|Any CPU
		{A34F28CA-F3D7-4FDC-8435-1351830E056F}.Release|Any CPU.Build.0 = Release|Any CPU
	EndGlobalSection
	GlobalSection(SolutionProperties) = preSolution
		HideSolutionNode = FALSE
	EndGlobalSection
	GlobalSection(ExtensibilityGlobals) = postSolution
		SolutionGuid = {59F0C2C5-7B3A-4CAD-A73E-F94DE728F04F}
	EndGlobalSection
EndGlobal
