
Microsoft Visual Studio Solution File, Format Version 12.00
# Visual Studio Version 17
VisualStudioVersion = 17.5.33502.453
MinimumVisualStudioVersion = 10.0.40219.1
Project("{FAE04EC0-301F-11D3-BF4B-00C04F79EFBC}") = "C# Day_4", "C# Day_4\C# Day_4.csproj", "{F2616DA0-227C-4BCD-9660-58EA5F999C3B}"
EndProject
Global
	GlobalSection(SolutionConfigurationPlatforms) = preSolution
		Debug|Any CPU = Debug|Any CPU
		Release|Any CPU = Release|Any CPU
	EndGlobalSection
	GlobalSection(ProjectConfigurationPlatforms) = postSolution
		{F2616DA0-227C-4BCD-9660-58EA5F999C3B}.Debug|Any CPU.ActiveCfg = Debug|Any CPU
		{F2616DA0-227C-4BCD-9660-58EA5F999C3B}.Debug|Any CPU.Build.0 = Debug|Any CPU
		{F2616DA0-227C-4BCD-9660-58EA5F999C3B}.Release|Any CPU.ActiveCfg = Release|Any CPU
		{F2616DA0-227C-4BCD-9660-58EA5F999C3B}.Release|Any CPU.Build.0 = Release|Any CPU
	EndGlobalSection
	GlobalSection(SolutionProperties) = preSolution
		HideSolutionNode = FALSE
	EndGlobalSection
	GlobalSection(ExtensibilityGlobals) = postSolution
		SolutionGuid = {B770D202-8E5A-43A8-A40A-E1FA9CDBCE8B}
	EndGlobalSection
EndGlobal
