
Microsoft Visual Studio Solution File, Format Version 12.00
# Visual Studio Version 17
VisualStudioVersion = 17.5.33502.453
MinimumVisualStudioVersion = 10.0.40219.1
Project("{FAE04EC0-301F-11D3-BF4B-00C04F79EFBC}") = "ConsoleApp1", "ConsoleApp1\ConsoleApp1.csproj", "{CBF1CCF2-A844-42AF-99BB-C4DC6F74827B}"
EndProject
Global
	GlobalSection(SolutionConfigurationPlatforms) = preSolution
		Debug|Any CPU = Debug|Any CPU
		Release|Any CPU = Release|Any CPU
	EndGlobalSection
	GlobalSection(ProjectConfigurationPlatforms) = postSolution
		{CBF1CCF2-A844-42AF-99BB-C4DC6F74827B}.Debug|Any CPU.ActiveCfg = Debug|Any CPU
		{CBF1CCF2-A844-42AF-99BB-C4DC6F74827B}.Debug|Any CPU.Build.0 = Debug|Any CPU
		{CBF1CCF2-A844-42AF-99BB-C4DC6F74827B}.Release|Any CPU.ActiveCfg = Release|Any CPU
		{CBF1CCF2-A844-42AF-99BB-C4DC6F74827B}.Release|Any CPU.Build.0 = Release|Any CPU
	EndGlobalSection
	GlobalSection(SolutionProperties) = preSolution
		HideSolutionNode = FALSE
	EndGlobalSection
	GlobalSection(ExtensibilityGlobals) = postSolution
		SolutionGuid = {97E0EFBA-2503-4F94-9832-FF24BE608F9B}
	EndGlobalSection
EndGlobal
