
Microsoft Visual Studio Solution File, Format Version 12.00
# Visual Studio Version 17
VisualStudioVersion = 17.5.33502.453
MinimumVisualStudioVersion = 10.0.40219.1
Project("{FAE04EC0-301F-11D3-BF4B-00C04F79EFBC}") = "C#_Exam_Employee_Detail", "C#_Exam_Employee_Detail\C#_Exam_Employee_Detail.csproj", "{CDD0DA6A-71D6-4CAB-AA78-101A3DDAD572}"
EndProject
Global
	GlobalSection(SolutionConfigurationPlatforms) = preSolution
		Debug|Any CPU = Debug|Any CPU
		Release|Any CPU = Release|Any CPU
	EndGlobalSection
	GlobalSection(ProjectConfigurationPlatforms) = postSolution
		{CDD0DA6A-71D6-4CAB-AA78-101A3DDAD572}.Debug|Any CPU.ActiveCfg = Debug|Any CPU
		{CDD0DA6A-71D6-4CAB-AA78-101A3DDAD572}.Debug|Any CPU.Build.0 = Debug|Any CPU
		{CDD0DA6A-71D6-4CAB-AA78-101A3DDAD572}.Release|Any CPU.ActiveCfg = Release|Any CPU
		{CDD0DA6A-71D6-4CAB-AA78-101A3DDAD572}.Release|Any CPU.Build.0 = Release|Any CPU
	EndGlobalSection
	GlobalSection(SolutionProperties) = preSolution
		HideSolutionNode = FALSE
	EndGlobalSection
	GlobalSection(ExtensibilityGlobals) = postSolution
		SolutionGuid = {186F20A7-36D3-485A-8F82-F432A5A5D002}
	EndGlobalSection
EndGlobal
